{
  "dependencies": {
    "@types/node": {
      "version": "8.0.14",
      "from": "@types/node@latest",
      "resolved": "https://registry.npmjs.org/@types/node/-/node-8.0.14.tgz"
    },
    "async": {
      "version": "1.0.0",
      "from": "async@1.0.0",
      "resolved": "https://registry.npmjs.org/async/-/async-1.0.0.tgz"
    },
    "bignumber.js": {
      "version": "3.1.2",
      "from": "bignumber.js@3.1.2",
      "resolved": "https://registry.npmjs.org/bignumber.js/-/bignumber.js-3.1.2.tgz"
    },
    "bindings": {
      "version": "1.2.1",
      "from": "bindings@1.2.1",
      "resolved": "https://registry.npmjs.org/bindings/-/bindings-1.2.1.tgz"
    },
    "colors": {
      "version": "1.0.3",
      "from": "colors@1.0.3",
      "resolved": "https://registry.npmjs.org/colors/-/colors-1.0.3.tgz"
    },
    "core-util-is": {
      "version": "1.0.2",
      "from": "core-util-is@1.0.2",
      "resolved": "https://registry.npmjs.org/core-util-is/-/core-util-is-1.0.2.tgz"
    },
    "cycle": {
      "version": "1.0.3",
      "from": "cycle@1.0.3",
      "resolved": "https://registry.npmjs.org/cycle/-/cycle-1.0.3.tgz"
    },
    "epoll": {
      "version": "0.1.21",
      "from": "epoll@0.1.21",
      "resolved": "https://registry.npmjs.org/epoll/-/epoll-0.1.21.tgz"
    },
    "eyes": {
      "version": "0.1.8",
      "from": "eyes@0.1.8",
      "resolved": "https://registry.npmjs.org/eyes/-/eyes-0.1.8.tgz"
    },
    "gpio-stream": {
      "version": "1.0.17",
      "from": "gpio-stream@1.0.17",
      "resolved": "https://registry.npmjs.org/gpio-stream/-/gpio-stream-1.0.17.tgz"
    },
    "iconv-lite": {
      "version": "0.4.18",
      "from": "iconv-lite@0.4.18",
      "resolved": "https://registry.npmjs.org/iconv-lite/-/iconv-lite-0.4.18.tgz"
    },
    "inherits": {
      "version": "2.0.3",
      "from": "inherits@2.0.3",
      "resolved": "https://registry.npmjs.org/inherits/-/inherits-2.0.3.tgz"
    },
    "isarray": {
      "version": "0.0.1",
      "from": "isarray@0.0.1",
      "resolved": "https://registry.npmjs.org/isarray/-/isarray-0.0.1.tgz"
    },
    "isstream": {
      "version": "0.1.2",
      "from": "isstream@0.1.2",
      "resolved": "https://registry.npmjs.org/isstream/-/isstream-0.1.2.tgz"
    },
    "linqts": {
      "version": "1.9.1",
      "from": "linqts@latest",
      "resolved": "https://registry.npmjs.org/linqts/-/linqts-1.9.1.tgz"
    },
    "lodash": {
      "version": "4.17.4",
      "from": "lodash@4.17.4",
      "resolved": "https://registry.npmjs.org/lodash/-/lodash-4.17.4.tgz"
    },
    "mysql": {
      "version": "2.13.0",
      "from": "mysql@2.13.0",
      "resolved": "https://registry.npmjs.org/mysql/-/mysql-2.13.0.tgz"
    },
    "mysql-events": {
      "version": "0.0.11",
      "from": "mysql-events@0.0.11",
      "resolved": "https://registry.npmjs.org/mysql-events/-/mysql-events-0.0.11.tgz"
    },
    "nan": {
      "version": "2.5.1",
      "from": "nan@2.5.1",
      "resolved": "https://registry.npmjs.org/nan/-/nan-2.5.1.tgz"
    },
    "onoff": {
      "version": "1.1.2",
      "from": "onoff@1.1.2",
      "resolved": "https://registry.npmjs.org/onoff/-/onoff-1.1.2.tgz"
    },
    "path": {
      "version": "0.12.7",
      "from": "path@0.12.7",
      "resolved": "https://registry.npmjs.org/path/-/path-0.12.7.tgz"
    },
    "process": {
      "version": "0.11.10",
      "from": "process@0.11.10",
      "resolved": "https://registry.npmjs.org/process/-/process-0.11.10.tgz"
    },
    "readable-stream": {
      "version": "1.1.14",
      "from": "readable-stream@1.1.14",
      "resolved": "https://registry.npmjs.org/readable-stream/-/readable-stream-1.1.14.tgz"
    },
    "sqlstring": {
      "version": "2.2.0",
      "from": "sqlstring@2.2.0",
      "resolved": "https://registry.npmjs.org/sqlstring/-/sqlstring-2.2.0.tgz"
    },
    "stack-trace": {
      "version": "0.0.10",
      "from": "stack-trace@0.0.10",
      "resolved": "https://registry.npmjs.org/stack-trace/-/stack-trace-0.0.10.tgz"
    },
    "string_decoder": {
      "version": "0.10.31",
      "from": "string_decoder@0.10.31",
      "resolved": "https://registry.npmjs.org/string_decoder/-/string_decoder-0.10.31.tgz"
    },
    "underscore": {
      "version": "1.8.3",
      "from": "underscore@1.8.3",
      "resolved": "https://registry.npmjs.org/underscore/-/underscore-1.8.3.tgz"
    },
    "util": {
      "version": "0.10.3",
      "from": "util@0.10.3",
      "resolved": "https://registry.npmjs.org/util/-/util-0.10.3.tgz",
      "dependencies": {
        "inherits": {
          "version": "2.0.1",
          "from": "inherits@2.0.1",
          "resolved": "https://registry.npmjs.org/inherits/-/inherits-2.0.1.tgz"
        }
      }
    },
    "winston": {
      "version": "2.3.1",
      "from": "winston@2.3.1",
      "resolved": "https://registry.npmjs.org/winston/-/winston-2.3.1.tgz"
    },
    "zongji": {
      "version": "0.4.3",
      "from": "zongji@0.4.3",
      "resolved": "https://registry.npmjs.org/zongji/-/zongji-0.4.3.tgz",
      "dependencies": {
        "bignumber.js": {
          "version": "2.1.4",
          "from": "bignumber.js@2.1.4",
          "resolved": "https://registry.npmjs.org/bignumber.js/-/bignumber.js-2.1.4.tgz"
        },
        "mysql": {
          "version": "2.10.2",
          "from": "mysql@2.10.2",
          "resolved": "https://registry.npmjs.org/mysql/-/mysql-2.10.2.tgz"
        }
      }
    }
  }
}
