{
  "lockfileVersion": 1,
  "dependencies": {
    "@types/node": {
      "version": "8.0.14",
      "resolved": "https://registry.npmjs.org/@types/node/-/node-8.0.14.tgz",
      "integrity": "sha1-Shnca7YdFsAcutx7MKwjUY//F2s="
    },
    "async": {
      "version": "1.0.0",
      "resolved": "https://registry.npmjs.org/async/-/async-1.0.0.tgz",
      "integrity": "sha1-+PwEyjoTeErenhZBr5hXjPvWR6k="
    },
    "bignumber.js": {
      "version": "3.1.2",
      "resolved": "https://registry.npmjs.org/bignumber.js/-/bignumber.js-3.1.2.tgz",
      "integrity": "sha1-8725mtUmihX8HwvtL7AY4mk/4jY="
    },
    "bindings": {
      "version": "1.2.1",
      "resolved": "https://registry.npmjs.org/bindings/-/bindings-1.2.1.tgz",
      "integrity": "sha1-FK1hE4EtLTfXLme0ystLtyZQXxE="
    },
    "colors": {
      "version": "1.0.3",
      "resolved": "https://registry.npmjs.org/colors/-/colors-1.0.3.tgz",
      "integrity": "sha1-BDP0TYCWgP3rYO0mDxsMJi6CpAs="
    },
    "core-util-is": {
      "version": "1.0.2",
      "resolved": "https://registry.npmjs.org/core-util-is/-/core-util-is-1.0.2.tgz",
      "integrity": "sha1-tf1UIgqivFq1eqtxQMlAdUUDwac="
    },
    "cycle": {
      "version": "1.0.3",
      "resolved": "https://registry.npmjs.org/cycle/-/cycle-1.0.3.tgz",
      "integrity": "sha1-IegLK+hYD5i0aPN5QwZisEbDStI="
    },
    "epoll": {
      "version": "0.1.21",
      "resolved": "https://registry.npmjs.org/epoll/-/epoll-0.1.21.tgz",
      "integrity": "sha1-OCoIzZNOy7g2k+v0JfS2tPYXTZc="
    },
    "eyes": {
      "version": "0.1.8",
      "resolved": "https://registry.npmjs.org/eyes/-/eyes-0.1.8.tgz",
      "integrity": "sha1-Ys8SAjTGg3hdkCNIqADvPgzCC8A="
    },
    "gpio-stream": {
      "version": "1.0.17",
      "resolved": "https://registry.npmjs.org/gpio-stream/-/gpio-stream-1.0.17.tgz",
      "integrity": "sha1-xcix+AT67fvuqNekyaokDaRUvc4="
    },
    "iconv-lite": {
      "version": "0.4.18",
      "resolved": "https://registry.npmjs.org/iconv-lite/-/iconv-lite-0.4.18.tgz",
      "integrity": "sha512-sr1ZQph3UwHTR0XftSbK85OvBbxe/abLGzEnPENCQwmHf7sck8Oyu4ob3LgBxWWxRoM+QszeUyl7jbqapu2TqA=="
    },
    "inherits": {
      "version": "2.0.3",
      "resolved": "https://registry.npmjs.org/inherits/-/inherits-2.0.3.tgz",
      "integrity": "sha1-Yzwsg+PaQqUC9SRmAiSA9CCCYd4="
    },
    "isarray": {
      "version": "0.0.1",
      "resolved": "https://registry.npmjs.org/isarray/-/isarray-0.0.1.tgz",
      "integrity": "sha1-ihis/Kmo9Bd+Cav8YDiTmwXR7t8="
    },
    "isstream": {
      "version": "0.1.2",
      "resolved": "https://registry.npmjs.org/isstream/-/isstream-0.1.2.tgz",
      "integrity": "sha1-R+Y/evVa+m+S4VAOaQ64uFKcCZo="
    },
    "linqts": {
      "version": "1.9.1",
      "resolved": "https://registry.npmjs.org/linqts/-/linqts-1.9.1.tgz",
      "integrity": "sha1-lQ2waFkb6sVuT1LXbIg8QAf1EEg="
    },
    "lodash": {
      "version": "4.17.4",
      "resolved": "https://registry.npmjs.org/lodash/-/lodash-4.17.4.tgz",
      "integrity": "sha1-eCA6TRwyiuHYbcpkYONptX9AVa4="
    },
    "mysql": {
      "version": "2.13.0",
      "resolved": "https://registry.npmjs.org/mysql/-/mysql-2.13.0.tgz",
      "integrity": "sha1-mY8fjKRuLj3XFJzpgkE2U5hqrkc="
    },
    "mysql-events": {
      "version": "0.0.11",
      "resolved": "https://registry.npmjs.org/mysql-events/-/mysql-events-0.0.11.tgz",
      "integrity": "sha1-BCTNZr6LyBTLUGVf6kgDiPAZwGA="
    },
    "nan": {
      "version": "2.5.1",
      "resolved": "https://registry.npmjs.org/nan/-/nan-2.5.1.tgz",
      "integrity": "sha1-1bAWkSUzJql6K77p5hxV2NYDUeI="
    },
    "onoff": {
      "version": "1.1.2",
      "resolved": "https://registry.npmjs.org/onoff/-/onoff-1.1.2.tgz",
      "integrity": "sha1-3NOdP9VZ2y0N9bzVTYzJ3x13R6I="
    },
    "path": {
      "version": "0.12.7",
      "resolved": "https://registry.npmjs.org/path/-/path-0.12.7.tgz",
      "integrity": "sha1-1NwqUGxM4hl+tIHr/NWzbAFAsQ8="
    },
    "pigpio": {
      "version": "0.5.1",
      "resolved": "https://registry.npmjs.org/pigpio/-/pigpio-0.5.1.tgz",
      "integrity": "sha1-0U6qqhHjE1cD0yr7z5tc34BLVrQ=",
      "dependencies": {
        "nan": {
          "version": "2.6.2",
          "resolved": "https://registry.npmjs.org/nan/-/nan-2.6.2.tgz",
          "integrity": "sha1-5P805slf37WuzAjeZZb0NgWn20U="
        }
      }
    },
    "process": {
      "version": "0.11.10",
      "resolved": "https://registry.npmjs.org/process/-/process-0.11.10.tgz",
      "integrity": "sha1-czIwDoQBYb2j5podHZGn1LwW8YI="
    },
    "raspi": {
      "version": "4.0.0",
      "resolved": "https://registry.npmjs.org/raspi/-/raspi-4.0.0.tgz",
      "integrity": "sha1-h7m8QCWwsjEjilPFYv4wMU0i8qk="
    },
    "raspi-board": {
      "version": "4.2.0",
      "resolved": "https://registry.npmjs.org/raspi-board/-/raspi-board-4.2.0.tgz",
      "integrity": "sha1-AtZ4Oov3lP1rBmJQEuTDgeljIKE="
    },
    "raspi-gpio": {
      "version": "4.0.2",
      "resolved": "https://registry.npmjs.org/raspi-gpio/-/raspi-gpio-4.0.2.tgz",
      "integrity": "sha1-cmQDQazp5JSZ0qDfdeuA09Ki2P8="
    },
    "raspi-peripheral": {
      "version": "1.6.4",
      "resolved": "https://registry.npmjs.org/raspi-peripheral/-/raspi-peripheral-1.6.4.tgz",
      "integrity": "sha1-6BQgKX7L+8whp8ShNxQ+KT4GNc0="
    },
    "readable-stream": {
      "version": "1.1.14",
      "resolved": "https://registry.npmjs.org/readable-stream/-/readable-stream-1.1.14.tgz",
      "integrity": "sha1-fPTFTvZI44EwhMY23SB54WbAgdk="
    },
    "sqlstring": {
      "version": "2.2.0",
      "resolved": "https://registry.npmjs.org/sqlstring/-/sqlstring-2.2.0.tgz",
      "integrity": "sha1-wxNcTqirzX5+50GklmqJHYak8ZE="
    },
    "stack-trace": {
      "version": "0.0.10",
      "resolved": "https://registry.npmjs.org/stack-trace/-/stack-trace-0.0.10.tgz",
      "integrity": "sha1-VHxws0fo0ytOEI6hoqFZ5f3eGcA="
    },
    "string_decoder": {
      "version": "0.10.31",
      "resolved": "https://registry.npmjs.org/string_decoder/-/string_decoder-0.10.31.tgz",
      "integrity": "sha1-YuIDvEF2bGwoyfyEMB2rHFMQ+pQ="
    },
    "underscore": {
      "version": "1.8.3",
      "resolved": "https://registry.npmjs.org/underscore/-/underscore-1.8.3.tgz",
      "integrity": "sha1-Tz+1OxBuYJf8+ctBCfKl6b36UCI="
    },
    "util": {
      "version": "0.10.3",
      "resolved": "https://registry.npmjs.org/util/-/util-0.10.3.tgz",
      "integrity": "sha1-evsa/lCAUkZInj23/g7TeTNqwPk=",
      "dependencies": {
        "inherits": {
          "version": "2.0.1",
          "resolved": "https://registry.npmjs.org/inherits/-/inherits-2.0.1.tgz",
          "integrity": "sha1-sX0I0ya0Qj5Wjv9xn5GwscvfafE="
        }
      }
    },
    "winston": {
      "version": "2.3.1",
      "resolved": "https://registry.npmjs.org/winston/-/winston-2.3.1.tgz",
      "integrity": "sha1-C0hCDZeMAYBM8CMLZIhhWYIloRk="
    },
    "zongji": {
      "version": "0.4.3",
      "resolved": "https://registry.npmjs.org/zongji/-/zongji-0.4.3.tgz",
      "integrity": "sha1-XdtPzDR8mu7Z/MC7C4AdkSRbQlg=",
      "dependencies": {
        "bignumber.js": {
          "version": "2.1.4",
          "resolved": "https://registry.npmjs.org/bignumber.js/-/bignumber.js-2.1.4.tgz",
          "integrity": "sha1-KbO7aT27I46Ity6sL7iWUIiLLVk="
        },
        "mysql": {
          "version": "2.10.2",
          "resolved": "https://registry.npmjs.org/mysql/-/mysql-2.10.2.tgz",
          "integrity": "sha1-nuXkbwVrK6OnhAoQ6uNCb1k4QpI="
        }
      }
    }
  }
}
